
Microsoft Visual Studio Solution File, Format Version 12.00
# Visual Studio Version 17
VisualStudioVersion = 17.11.35431.28
MinimumVisualStudioVersion = 10.0.40219.1
Project("{FAE04EC0-301F-11D3-BF4B-00C04F79EFBC}") = "lab11sem3", "lab11sem3\lab11sem3.csproj", "{470906DF-1F0B-4AC9-BA63-4690D6FB80EE}"
EndProject
Project("{FAE04EC0-301F-11D3-BF4B-00C04F79EFBC}") = "ClassLibrary1", "ClassLibrary1\ClassLibrary1.csproj", "{1C43C004-3F50-419D-9EB3-4A021B8E0023}"
EndProject
Project("{FAE04EC0-301F-11D3-BF4B-00C04F79EFBC}") = "TCPClient", "TCPClient\TCPClient.csproj", "{20B4E432-0050-47FD-B9C5-5D6762B8E112}"
EndProject
Global
	GlobalSection(SolutionConfigurationPlatforms) = preSolution
		Debug|Any CPU = Debug|Any CPU
		Release|Any CPU = Release|Any CPU
	EndGlobalSection
	GlobalSection(ProjectConfigurationPlatforms) = postSolution
		{470906DF-1F0B-4AC9-BA63-4690D6FB80EE}.Debug|Any CPU.ActiveCfg = Debug|Any CPU
		{470906DF-1F0B-4AC9-BA63-4690D6FB80EE}.Debug|Any CPU.Build.0 = Debug|Any CPU
		{470906DF-1F0B-4AC9-BA63-4690D6FB80EE}.Release|Any CPU.ActiveCfg = Release|Any CPU
		{470906DF-1F0B-4AC9-BA63-4690D6FB80EE}.Release|Any CPU.Build.0 = Release|Any CPU
		{1C43C004-3F50-419D-9EB3-4A021B8E0023}.Debug|Any CPU.ActiveCfg = Debug|Any CPU
		{1C43C004-3F50-419D-9EB3-4A021B8E0023}.Debug|Any CPU.Build.0 = Debug|Any CPU
		{1C43C004-3F50-419D-9EB3-4A021B8E0023}.Release|Any CPU.ActiveCfg = Release|Any CPU
		{1C43C004-3F50-419D-9EB3-4A021B8E0023}.Release|Any CPU.Build.0 = Release|Any CPU
		{20B4E432-0050-47FD-B9C5-5D6762B8E112}.Debug|Any CPU.ActiveCfg = Debug|Any CPU
		{20B4E432-0050-47FD-B9C5-5D6762B8E112}.Debug|Any CPU.Build.0 = Debug|Any CPU
		{20B4E432-0050-47FD-B9C5-5D6762B8E112}.Release|Any CPU.ActiveCfg = Release|Any CPU
		{20B4E432-0050-47FD-B9C5-5D6762B8E112}.Release|Any CPU.Build.0 = Release|Any CPU
	EndGlobalSection
	GlobalSection(SolutionProperties) = preSolution
		HideSolutionNode = FALSE
	EndGlobalSection
	GlobalSection(ExtensibilityGlobals) = postSolution
		SolutionGuid = {CFDEB4BB-DEB3-42D2-98CE-3E6687A9E279}
	EndGlobalSection
EndGlobal
